
Microsoft Visual Studio Solution File, Format Version 12.00
# Visual Studio Version 17
VisualStudioVersion = 17.6.33829.357
MinimumVisualStudioVersion = 10.0.40219.1
Project("{9A19103F-16F7-4668-BE54-9A1E7A4F7556}") = "UserManagement.Api", "UserManagement.Api\UserManagement.Api.csproj", "{EEB17FE4-8914-4657-8C02-8F611DBD6EE5}"
EndProject
Project("{2150E333-8FDC-42A3-9474-1A3956D46DE8}") = "Api", "Api", "{23F509F7-5B67-4F34-BDAE-67CC2AB23521}"
EndProject
Project("{2150E333-8FDC-42A3-9474-1A3956D46DE8}") = "Core", "Core", "{3FF8F4F0-BEE3-4442-9030-AAC592EF9D7D}"
EndProject
Project("{2150E333-8FDC-42A3-9474-1A3956D46DE8}") = "Infrastructure", "Infrastructure", "{965EAB16-6B8E-43B0-9FA0-D923154DB05C}"
EndProject
Project("{9A19103F-16F7-4668-BE54-9A1E7A4F7556}") = "UserManagement.Application", "UserManagement.Application\UserManagement.Application.csproj", "{482EC6A1-FECF-4ECB-A04D-2566E73B9CAF}"
EndProject
Project("{9A19103F-16F7-4668-BE54-9A1E7A4F7556}") = "UserManagement.Domain", "userManagement.Domain\UserManagement.Domain.csproj", "{293DB2C0-3168-4564-B563-8B58AABF960B}"
EndProject
Project("{9A19103F-16F7-4668-BE54-9A1E7A4F7556}") = "UserManagement.Infrastructure", "Usermanagement.Infrastructure\UserManagement.Infrastructure.csproj", "{08AD4F4F-EE51-4228-8EDB-C79158465009}"
EndProject
Global
	GlobalSection(SolutionConfigurationPlatforms) = preSolution
		Debug|Any CPU = Debug|Any CPU
		Release|Any CPU = Release|Any CPU
	EndGlobalSection
	GlobalSection(ProjectConfigurationPlatforms) = postSolution
		{EEB17FE4-8914-4657-8C02-8F611DBD6EE5}.Debug|Any CPU.ActiveCfg = Debug|Any CPU
		{EEB17FE4-8914-4657-8C02-8F611DBD6EE5}.Debug|Any CPU.Build.0 = Debug|Any CPU
		{EEB17FE4-8914-4657-8C02-8F611DBD6EE5}.Release|Any CPU.ActiveCfg = Release|Any CPU
		{EEB17FE4-8914-4657-8C02-8F611DBD6EE5}.Release|Any CPU.Build.0 = Release|Any CPU
		{482EC6A1-FECF-4ECB-A04D-2566E73B9CAF}.Debug|Any CPU.ActiveCfg = Debug|Any CPU
		{482EC6A1-FECF-4ECB-A04D-2566E73B9CAF}.Debug|Any CPU.Build.0 = Debug|Any CPU
		{482EC6A1-FECF-4ECB-A04D-2566E73B9CAF}.Release|Any CPU.ActiveCfg = Release|Any CPU
		{482EC6A1-FECF-4ECB-A04D-2566E73B9CAF}.Release|Any CPU.Build.0 = Release|Any CPU
		{293DB2C0-3168-4564-B563-8B58AABF960B}.Debug|Any CPU.ActiveCfg = Debug|Any CPU
		{293DB2C0-3168-4564-B563-8B58AABF960B}.Debug|Any CPU.Build.0 = Debug|Any CPU
		{293DB2C0-3168-4564-B563-8B58AABF960B}.Release|Any CPU.ActiveCfg = Release|Any CPU
		{293DB2C0-3168-4564-B563-8B58AABF960B}.Release|Any CPU.Build.0 = Release|Any CPU
		{08AD4F4F-EE51-4228-8EDB-C79158465009}.Debug|Any CPU.ActiveCfg = Debug|Any CPU
		{08AD4F4F-EE51-4228-8EDB-C79158465009}.Debug|Any CPU.Build.0 = Debug|Any CPU
		{08AD4F4F-EE51-4228-8EDB-C79158465009}.Release|Any CPU.ActiveCfg = Release|Any CPU
		{08AD4F4F-EE51-4228-8EDB-C79158465009}.Release|Any CPU.Build.0 = Release|Any CPU
	EndGlobalSection
	GlobalSection(SolutionProperties) = preSolution
		HideSolutionNode = FALSE
	EndGlobalSection
	GlobalSection(NestedProjects) = preSolution
		{EEB17FE4-8914-4657-8C02-8F611DBD6EE5} = {23F509F7-5B67-4F34-BDAE-67CC2AB23521}
		{482EC6A1-FECF-4ECB-A04D-2566E73B9CAF} = {3FF8F4F0-BEE3-4442-9030-AAC592EF9D7D}
		{293DB2C0-3168-4564-B563-8B58AABF960B} = {3FF8F4F0-BEE3-4442-9030-AAC592EF9D7D}
		{08AD4F4F-EE51-4228-8EDB-C79158465009} = {965EAB16-6B8E-43B0-9FA0-D923154DB05C}
	EndGlobalSection
	GlobalSection(ExtensibilityGlobals) = postSolution
		SolutionGuid = {A66F7570-0F67-4694-B3F7-AA2084A885CF}
	EndGlobalSection
EndGlobal
